<?xml version="1.0" encoding="utf-8"?>
<Project ToolsVersion="4.0" xmlns="http://schemas.microsoft.com/developer/msbuild/2003">
  <ItemGroup>
    <ClCompile Include="instance.cpp" />
    <ClCompile Include="main.cpp" />
    <ClCompile Include="vk_common.cpp" />
    <ClCompile Include="..\third_party\volk\volk.c">
      <Filter>volk</Filter>
    </ClCompile>
    <ClCompile Include="physical_device.cpp" />
    <ClCompile Include="window.cpp" />
    <ClCompile Include="device.cpp" />
    <ClCompile Include="queue.cpp" />
  </ItemGroup>
  <ItemGroup>
    <ClInclude Include="instance.h" />
    <ClInclude Include="vk_common.h" />
    <ClInclude Include="..\third_party\volk\volk.h">
      <Filter>volk</Filter>
    </ClInclude>
    <ClInclude Include="physical_device.h" />
    <ClInclude Include="window.h" />
    <ClInclude Include="device.h" />
    <ClInclude Include="queue.h" />
    <ClInclude Include="logger.h" />
  </ItemGroup>
  <ItemGroup>
    <None Include="shaders\build.bat" />
    <None Include="shaders\shader.frag" />
    <None Include="shaders\shader.vert" />
  </ItemGroup>
  <ItemGroup>
    <Filter Include="volk">
      <UniqueIdentifier>{2c497311-23ac-4c8d-87bb-4879b7c56aa7}</UniqueIdentifier>
    </Filter>
  </ItemGroup>
</Project>